{
  "requires": true,
  "lockfileVersion": 1,
  "dependencies": {
    "@ualterjr/ujrclock": {
      "version": "1.0.5",
      "resolved": "https://registry.npmjs.org/@ualterjr/ujrclock/-/ujrclock-1.0.5.tgz",
      "integrity": "sha512-SH6PG5IQkrYKo948hLMKhRLG+5IlkKY8iN3ITHNdKY9IfM7lplbnPvwdADe8VrYyja8m539bjw5A+hwQg47BAA=="
    }
  }
}
